
Microsoft Visual Studio Solution File, Format Version 12.00
# Visual Studio 15
VisualStudioVersion = 15.0.26124.0
MinimumVisualStudioVersion = 15.0.26124.0
Project("{FAE04EC0-301F-11D3-BF4B-00C04F79EFBC}") = "Domain", "Domain\Domain.csproj", "{105FC4BB-BD3E-48C3-952A-C99DDE12720D}"
EndProject
Project("{FAE04EC0-301F-11D3-BF4B-00C04F79EFBC}") = "Application", "Application\Application.csproj", "{9A288F56-CEF6-477E-B1C1-FA9DF1423192}"
EndProject
Project("{FAE04EC0-301F-11D3-BF4B-00C04F79EFBC}") = "Persistence", "Persistence\Persistence.csproj", "{CF04FBBE-FB5B-42EB-967A-24A165AB6F07}"
EndProject
Project("{FAE04EC0-301F-11D3-BF4B-00C04F79EFBC}") = "API", "API\API.csproj", "{36C42DE4-89F5-48D7-BCD2-72589F404BEC}"
EndProject
Global
	GlobalSection(SolutionConfigurationPlatforms) = preSolution
		Debug|Any CPU = Debug|Any CPU
		Debug|x64 = Debug|x64
		Debug|x86 = Debug|x86
		Release|Any CPU = Release|Any CPU
		Release|x64 = Release|x64
		Release|x86 = Release|x86
	EndGlobalSection
	GlobalSection(SolutionProperties) = preSolution
		HideSolutionNode = FALSE
	EndGlobalSection
	GlobalSection(ProjectConfigurationPlatforms) = postSolution
		{105FC4BB-BD3E-48C3-952A-C99DDE12720D}.Debug|Any CPU.ActiveCfg = Debug|Any CPU
		{105FC4BB-BD3E-48C3-952A-C99DDE12720D}.Debug|Any CPU.Build.0 = Debug|Any CPU
		{105FC4BB-BD3E-48C3-952A-C99DDE12720D}.Debug|x64.ActiveCfg = Debug|Any CPU
		{105FC4BB-BD3E-48C3-952A-C99DDE12720D}.Debug|x64.Build.0 = Debug|Any CPU
		{105FC4BB-BD3E-48C3-952A-C99DDE12720D}.Debug|x86.ActiveCfg = Debug|Any CPU
		{105FC4BB-BD3E-48C3-952A-C99DDE12720D}.Debug|x86.Build.0 = Debug|Any CPU
		{105FC4BB-BD3E-48C3-952A-C99DDE12720D}.Release|Any CPU.ActiveCfg = Release|Any CPU
		{105FC4BB-BD3E-48C3-952A-C99DDE12720D}.Release|Any CPU.Build.0 = Release|Any CPU
		{105FC4BB-BD3E-48C3-952A-C99DDE12720D}.Release|x64.ActiveCfg = Release|Any CPU
		{105FC4BB-BD3E-48C3-952A-C99DDE12720D}.Release|x64.Build.0 = Release|Any CPU
		{105FC4BB-BD3E-48C3-952A-C99DDE12720D}.Release|x86.ActiveCfg = Release|Any CPU
		{105FC4BB-BD3E-48C3-952A-C99DDE12720D}.Release|x86.Build.0 = Release|Any CPU
		{9A288F56-CEF6-477E-B1C1-FA9DF1423192}.Debug|Any CPU.ActiveCfg = Debug|Any CPU
		{9A288F56-CEF6-477E-B1C1-FA9DF1423192}.Debug|Any CPU.Build.0 = Debug|Any CPU
		{9A288F56-CEF6-477E-B1C1-FA9DF1423192}.Debug|x64.ActiveCfg = Debug|Any CPU
		{9A288F56-CEF6-477E-B1C1-FA9DF1423192}.Debug|x64.Build.0 = Debug|Any CPU
		{9A288F56-CEF6-477E-B1C1-FA9DF1423192}.Debug|x86.ActiveCfg = Debug|Any CPU
		{9A288F56-CEF6-477E-B1C1-FA9DF1423192}.Debug|x86.Build.0 = Debug|Any CPU
		{9A288F56-CEF6-477E-B1C1-FA9DF1423192}.Release|Any CPU.ActiveCfg = Release|Any CPU
		{9A288F56-CEF6-477E-B1C1-FA9DF1423192}.Release|Any CPU.Build.0 = Release|Any CPU
		{9A288F56-CEF6-477E-B1C1-FA9DF1423192}.Release|x64.ActiveCfg = Release|Any CPU
		{9A288F56-CEF6-477E-B1C1-FA9DF1423192}.Release|x64.Build.0 = Release|Any CPU
		{9A288F56-CEF6-477E-B1C1-FA9DF1423192}.Release|x86.ActiveCfg = Release|Any CPU
		{9A288F56-CEF6-477E-B1C1-FA9DF1423192}.Release|x86.Build.0 = Release|Any CPU
		{CF04FBBE-FB5B-42EB-967A-24A165AB6F07}.Debug|Any CPU.ActiveCfg = Debug|Any CPU
		{CF04FBBE-FB5B-42EB-967A-24A165AB6F07}.Debug|Any CPU.Build.0 = Debug|Any CPU
		{CF04FBBE-FB5B-42EB-967A-24A165AB6F07}.Debug|x64.ActiveCfg = Debug|Any CPU
		{CF04FBBE-FB5B-42EB-967A-24A165AB6F07}.Debug|x64.Build.0 = Debug|Any CPU
		{CF04FBBE-FB5B-42EB-967A-24A165AB6F07}.Debug|x86.ActiveCfg = Debug|Any CPU
		{CF04FBBE-FB5B-42EB-967A-24A165AB6F07}.Debug|x86.Build.0 = Debug|Any CPU
		{CF04FBBE-FB5B-42EB-967A-24A165AB6F07}.Release|Any CPU.ActiveCfg = Release|Any CPU
		{CF04FBBE-FB5B-42EB-967A-24A165AB6F07}.Release|Any CPU.Build.0 = Release|Any CPU
		{CF04FBBE-FB5B-42EB-967A-24A165AB6F07}.Release|x64.ActiveCfg = Release|Any CPU
		{CF04FBBE-FB5B-42EB-967A-24A165AB6F07}.Release|x64.Build.0 = Release|Any CPU
		{CF04FBBE-FB5B-42EB-967A-24A165AB6F07}.Release|x86.ActiveCfg = Release|Any CPU
		{CF04FBBE-FB5B-42EB-967A-24A165AB6F07}.Release|x86.Build.0 = Release|Any CPU
		{36C42DE4-89F5-48D7-BCD2-72589F404BEC}.Debug|Any CPU.ActiveCfg = Debug|Any CPU
		{36C42DE4-89F5-48D7-BCD2-72589F404BEC}.Debug|Any CPU.Build.0 = Debug|Any CPU
		{36C42DE4-89F5-48D7-BCD2-72589F404BEC}.Debug|x64.ActiveCfg = Debug|Any CPU
		{36C42DE4-89F5-48D7-BCD2-72589F404BEC}.Debug|x64.Build.0 = Debug|Any CPU
		{36C42DE4-89F5-48D7-BCD2-72589F404BEC}.Debug|x86.ActiveCfg = Debug|Any CPU
		{36C42DE4-89F5-48D7-BCD2-72589F404BEC}.Debug|x86.Build.0 = Debug|Any CPU
		{36C42DE4-89F5-48D7-BCD2-72589F404BEC}.Release|Any CPU.ActiveCfg = Release|Any CPU
		{36C42DE4-89F5-48D7-BCD2-72589F404BEC}.Release|Any CPU.Build.0 = Release|Any CPU
		{36C42DE4-89F5-48D7-BCD2-72589F404BEC}.Release|x64.ActiveCfg = Release|Any CPU
		{36C42DE4-89F5-48D7-BCD2-72589F404BEC}.Release|x64.Build.0 = Release|Any CPU
		{36C42DE4-89F5-48D7-BCD2-72589F404BEC}.Release|x86.ActiveCfg = Release|Any CPU
		{36C42DE4-89F5-48D7-BCD2-72589F404BEC}.Release|x86.Build.0 = Release|Any CPU
	EndGlobalSection
EndGlobal
